Microsoft Visual Studio Solution File, Format Version 12.00
# Visual Studio 2013
VisualStudioVersion = 12.0.21005.1
MinimumVisualStudioVersion = 10.0.40219.1
Project("{FAE04EC0-301F-11D3-BF4B-00C04F79EFBC}") = "Himall.Service", "Himall.Service.csproj", "{772D636B-85A0-4AAE-9CB4-01392870881D}"
EndProject
Global
	GlobalSection(SolutionConfigurationPlatforms) = preSolution
		Debug|Any CPU = Debug|Any CPU
		Release|Any CPU = Release|Any CPU
	EndGlobalSection
	GlobalSection(ProjectConfigurationPlatforms) = postSolution
		{772D636B-85A0-4AAE-9CB4-01392870881D}.Debug|Any CPU.ActiveCfg = Debug|Any CPU
		{772D636B-85A0-4AAE-9CB4-01392870881D}.Debug|Any CPU.Build.0 = Debug|Any CPU
		{772D636B-85A0-4AAE-9CB4-01392870881D}.Release|Any CPU.ActiveCfg = Release|Any CPU
		{772D636B-85A0-4AAE-9CB4-01392870881D}.Release|Any CPU.Build.0 = Release|Any CPU
	EndGlobalSection
	GlobalSection(SolutionProperties) = preSolution
		HideSolutionNode = FALSE
	EndGlobalSection
EndGlobal
